// !$*UTF8*$!
{
	archiveVersion = 1;
	classes = {
	};
	objectVersion = 46;
	objects = {

/* Begin PBXBuildFile section */
		BBD483A01EB55DCB00B0D254 /* QuranSpeechEngine.framework in Frameworks */ = {isa = PBXBuildFile; fileRef = BBD483961EB55DCB00B0D254 /* QuranSpeechEngine.framework */; };
		BBD483A51EB55DCB00B0D254 /* QuranSpeechEngineTests.swift in Sources */ = {isa = PBXBuildFile; fileRef = BBD483A41EB55DCB00B0D254 /* QuranSpeechEngineTests.swift */; };
		BBD483B21EB55E3400B0D254 /* QSSpeechManager.swift in Sources */ = {isa = PBXBuildFile; fileRef = BBD483B11EB55E3400B0D254 /* QSSpeechManager.swift */; };
		BBD483C51EB55E4500B0D254 /* QSAyah.swift in Sources */ = {isa = PBXBuildFile; fileRef = BBD483B51EB55E4500B0D254 /* QSAyah.swift */; };
		BBD483C61EB55E4500B0D254 /* QSJuz.swift in Sources */ = {isa = PBXBuildFile; fileRef = BBD483B61EB55E4500B0D254 /* QSJuz.swift */; };
		BBD483C71EB55E4500B0D254 /* QSQuarter.swift in Sources */ = {isa = PBXBuildFile; fileRef = BBD483B71EB55E4500B0D254 /* QSQuarter.swift */; };
		BBD483C81EB55E4500B0D254 /* QSQuran.swift in Sources */ = {isa = PBXBuildFile; fileRef = BBD483B81EB55E4500B0D254 /* QSQuran.swift */; };
		BBD483C91EB55E4500B0D254 /* QSQuranPage.swift in Sources */ = {isa = PBXBuildFile; fileRef = BBD483B91EB55E4500B0D254 /* QSQuranPage.swift */; };
		BBD483CA1EB55E4500B0D254 /* QSQuranPageReference.swift in Sources */ = {isa = PBXBuildFile; fileRef = BBD483BA1EB55E4500B0D254 /* QSQuranPageReference.swift */; };
		BBD483CB1EB55E4500B0D254 /* QSSura.swift in Sources */ = {isa = PBXBuildFile; fileRef = BBD483BB1EB55E4500B0D254 /* QSSura.swift */; };
		BBD483CC1EB55E4500B0D254 /* QSVerseRange.swift in Sources */ = {isa = PBXBuildFile; fileRef = BBD483BC1EB55E4500B0D254 /* QSVerseRange.swift */; };
		BBD483CD1EB55E4500B0D254 /* QSQuranEngine.swift in Sources */ = {isa = PBXBuildFile; fileRef = BBD483BD1EB55E4500B0D254 /* QSQuranEngine.swift */; };
		BBD483CE1EB55E4500B0D254 /* QSQuranManagerDelegate.swift in Sources */ = {isa = PBXBuildFile; fileRef = BBD483BE1EB55E4500B0D254 /* QSQuranManagerDelegate.swift */; };
		BBD483CF1EB55E4500B0D254 /* QSQueue.swift in Sources */ = {isa = PBXBuildFile; fileRef = BBD483C01EB55E4500B0D254 /* QSQueue.swift */; };
		BBD483D01EB55E4500B0D254 /* QSQuranError.swift in Sources */ = {isa = PBXBuildFile; fileRef = BBD483C11EB55E4500B0D254 /* QSQuranError.swift */; };
		BBD483D11EB55E4500B0D254 /* QSQuranUtilities.swift in Sources */ = {isa = PBXBuildFile; fileRef = BBD483C21EB55E4500B0D254 /* QSQuranUtilities.swift */; };
		BBD483D21EB55E4500B0D254 /* QSResult.swift in Sources */ = {isa = PBXBuildFile; fileRef = BBD483C31EB55E4500B0D254 /* QSResult.swift */; };
		BBD483D71EB55E4B00B0D254 /* QSNetworkHelper.swift in Sources */ = {isa = PBXBuildFile; fileRef = BBD483D51EB55E4B00B0D254 /* QSNetworkHelper.swift */; };
		BBD483D81EB55E4B00B0D254 /* QSNetworkService.swift in Sources */ = {isa = PBXBuildFile; fileRef = BBD483D61EB55E4B00B0D254 /* QSNetworkService.swift */; };
		BBD483E71EB5606C00B0D254 /* QuranBundle.bundle in Resources */ = {isa = PBXBuildFile; fileRef = BBD483E61EB5606C00B0D254 /* QuranBundle.bundle */; };
/* End PBXBuildFile section */

/* Begin PBXContainerItemProxy section */
		BBD483A11EB55DCB00B0D254 /* PBXContainerItemProxy */ = {
			isa = PBXContainerItemProxy;
			containerPortal = BBD4838D1EB55DCB00B0D254 /* Project object */;
			proxyType = 1;
			remoteGlobalIDString = BBD483951EB55DCB00B0D254;
			remoteInfo = QuranSpeechEngine;
		};
/* End PBXContainerItemProxy section */

/* Begin PBXFileReference section */
		BBD483961EB55DCB00B0D254 /* QuranSpeechEngine.framework */ = {isa = PBXFileReference; explicitFileType = wrapper.framework; includeInIndex = 0; path = QuranSpeechEngine.framework; sourceTree = BUILT_PRODUCTS_DIR; };
		BBD4839A1EB55DCB00B0D254 /* Info.plist */ = {isa = PBXFileReference; lastKnownFileType = text.plist.xml; path = Info.plist; sourceTree = "<group>"; };
		BBD4839F1EB55DCB00B0D254 /* QuranSpeechEngineTests.xctest */ = {isa = PBXFileReference; explicitFileType = wrapper.cfbundle; includeInIndex = 0; path = QuranSpeechEngineTests.xctest; sourceTree = BUILT_PRODUCTS_DIR; };
		BBD483A41EB55DCB00B0D254 /* QuranSpeechEngineTests.swift */ = {isa = PBXFileReference; lastKnownFileType = sourcecode.swift; lineEnding = 0; path = QuranSpeechEngineTests.swift; sourceTree = "<group>"; xcLanguageSpecificationIdentifier = xcode.lang.swift; };
		BBD483A61EB55DCB00B0D254 /* Info.plist */ = {isa = PBXFileReference; lastKnownFileType = text.plist.xml; path = Info.plist; sourceTree = "<group>"; };
		BBD483B11EB55E3400B0D254 /* QSSpeechManager.swift */ = {isa = PBXFileReference; fileEncoding = 4; lastKnownFileType = sourcecode.swift; lineEnding = 0; path = QSSpeechManager.swift; sourceTree = "<group>"; xcLanguageSpecificationIdentifier = xcode.lang.swift; };
		BBD483B51EB55E4500B0D254 /* QSAyah.swift */ = {isa = PBXFileReference; fileEncoding = 4; lastKnownFileType = sourcecode.swift; path = QSAyah.swift; sourceTree = "<group>"; };
		BBD483B61EB55E4500B0D254 /* QSJuz.swift */ = {isa = PBXFileReference; fileEncoding = 4; lastKnownFileType = sourcecode.swift; path = QSJuz.swift; sourceTree = "<group>"; };
		BBD483B71EB55E4500B0D254 /* QSQuarter.swift */ = {isa = PBXFileReference; fileEncoding = 4; lastKnownFileType = sourcecode.swift; path = QSQuarter.swift; sourceTree = "<group>"; };
		BBD483B81EB55E4500B0D254 /* QSQuran.swift */ = {isa = PBXFileReference; fileEncoding = 4; lastKnownFileType = sourcecode.swift; path = QSQuran.swift; sourceTree = "<group>"; };
		BBD483B91EB55E4500B0D254 /* QSQuranPage.swift */ = {isa = PBXFileReference; fileEncoding = 4; lastKnownFileType = sourcecode.swift; path = QSQuranPage.swift; sourceTree = "<group>"; };
		BBD483BA1EB55E4500B0D254 /* QSQuranPageReference.swift */ = {isa = PBXFileReference; fileEncoding = 4; lastKnownFileType = sourcecode.swift; path = QSQuranPageReference.swift; sourceTree = "<group>"; };
		BBD483BB1EB55E4500B0D254 /* QSSura.swift */ = {isa = PBXFileReference; fileEncoding = 4; lastKnownFileType = sourcecode.swift; path = QSSura.swift; sourceTree = "<group>"; };
		BBD483BC1EB55E4500B0D254 /* QSVerseRange.swift */ = {isa = PBXFileReference; fileEncoding = 4; lastKnownFileType = sourcecode.swift; path = QSVerseRange.swift; sourceTree = "<group>"; };
		BBD483BD1EB55E4500B0D254 /* QSQuranEngine.swift */ = {isa = PBXFileReference; fileEncoding = 4; lastKnownFileType = sourcecode.swift; lineEnding = 0; path = QSQuranEngine.swift; sourceTree = "<group>"; xcLanguageSpecificationIdentifier = xcode.lang.swift; };
		BBD483BE1EB55E4500B0D254 /* QSQuranManagerDelegate.swift */ = {isa = PBXFileReference; fileEncoding = 4; lastKnownFileType = sourcecode.swift; lineEnding = 0; path = QSQuranManagerDelegate.swift; sourceTree = "<group>"; xcLanguageSpecificationIdentifier = xcode.lang.swift; };
		BBD483C01EB55E4500B0D254 /* QSQueue.swift */ = {isa = PBXFileReference; fileEncoding = 4; lastKnownFileType = sourcecode.swift; path = QSQueue.swift; sourceTree = "<group>"; };
		BBD483C11EB55E4500B0D254 /* QSQuranError.swift */ = {isa = PBXFileReference; fileEncoding = 4; lastKnownFileType = sourcecode.swift; path = QSQuranError.swift; sourceTree = "<group>"; };
		BBD483C21EB55E4500B0D254 /* QSQuranUtilities.swift */ = {isa = PBXFileReference; fileEncoding = 4; lastKnownFileType = sourcecode.swift; path = QSQuranUtilities.swift; sourceTree = "<group>"; };
		BBD483C31EB55E4500B0D254 /* QSResult.swift */ = {isa = PBXFileReference; fileEncoding = 4; lastKnownFileType = sourcecode.swift; path = QSResult.swift; sourceTree = "<group>"; };
		BBD483D51EB55E4B00B0D254 /* QSNetworkHelper.swift */ = {isa = PBXFileReference; fileEncoding = 4; lastKnownFileType = sourcecode.swift; lineEnding = 0; path = QSNetworkHelper.swift; sourceTree = "<group>"; xcLanguageSpecificationIdentifier = xcode.lang.swift; };
		BBD483D61EB55E4B00B0D254 /* QSNetworkService.swift */ = {isa = PBXFileReference; fileEncoding = 4; lastKnownFileType = sourcecode.swift; lineEnding = 0; path = QSNetworkService.swift; sourceTree = "<group>"; xcLanguageSpecificationIdentifier = xcode.lang.swift; };
		BBD483E61EB5606C00B0D254 /* QuranBundle.bundle */ = {isa = PBXFileReference; lastKnownFileType = "wrapper.plug-in"; path = QuranBundle.bundle; sourceTree = "<group>"; };
/* End PBXFileReference section */

/* Begin PBXFrameworksBuildPhase section */
		BBD483921EB55DCB00B0D254 /* Frameworks */ = {
			isa = PBXFrameworksBuildPhase;
			buildActionMask = 2147483647;
			files = (
			);
			runOnlyForDeploymentPostprocessing = 0;
		};
		BBD4839C1EB55DCB00B0D254 /* Frameworks */ = {
			isa = PBXFrameworksBuildPhase;
			buildActionMask = 2147483647;
			files = (
				BBD483A01EB55DCB00B0D254 /* QuranSpeechEngine.framework in Frameworks */,
			);
			runOnlyForDeploymentPostprocessing = 0;
		};
/* End PBXFrameworksBuildPhase section */

/* Begin PBXGroup section */
		BBD4838C1EB55DCB00B0D254 = {
			isa = PBXGroup;
			children = (
				BBD483981EB55DCB00B0D254 /* QuranSpeechEngine */,
				BBD483A31EB55DCB00B0D254 /* QuranSpeechEngineTests */,
				BBD483971EB55DCB00B0D254 /* Products */,
			);
			sourceTree = "<group>";
		};
		BBD483971EB55DCB00B0D254 /* Products */ = {
			isa = PBXGroup;
			children = (
				BBD483961EB55DCB00B0D254 /* QuranSpeechEngine.framework */,
				BBD4839F1EB55DCB00B0D254 /* QuranSpeechEngineTests.xctest */,
			);
			name = Products;
			sourceTree = "<group>";
		};
		BBD483981EB55DCB00B0D254 /* QuranSpeechEngine */ = {
			isa = PBXGroup;
			children = (
				BBD483D41EB55E4B00B0D254 /* NetworkService */,
				BBD483B01EB55E3400B0D254 /* SpeechManager */,
				BBD483B31EB55E4500B0D254 /* QuranEngine */,
				BBD483E61EB5606C00B0D254 /* QuranBundle.bundle */,
				BBD4839A1EB55DCB00B0D254 /* Info.plist */,
			);
			path = QuranSpeechEngine;
			sourceTree = "<group>";
		};
		BBD483A31EB55DCB00B0D254 /* QuranSpeechEngineTests */ = {
			isa = PBXGroup;
			children = (
				BBD483A41EB55DCB00B0D254 /* QuranSpeechEngineTests.swift */,
				BBD483A61EB55DCB00B0D254 /* Info.plist */,
			);
			path = QuranSpeechEngineTests;
			sourceTree = "<group>";
		};
		BBD483B01EB55E3400B0D254 /* SpeechManager */ = {
			isa = PBXGroup;
			children = (
				BBD483B11EB55E3400B0D254 /* QSSpeechManager.swift */,
			);
			path = SpeechManager;
			sourceTree = "<group>";
		};
		BBD483B31EB55E4500B0D254 /* QuranEngine */ = {
			isa = PBXGroup;
			children = (
				BBD483B41EB55E4500B0D254 /* Model */,
				BBD483BF1EB55E4500B0D254 /* Utilities */,
				BBD483BD1EB55E4500B0D254 /* QSQuranEngine.swift */,
				BBD483BE1EB55E4500B0D254 /* QSQuranManagerDelegate.swift */,
			);
			path = QuranEngine;
			sourceTree = "<group>";
		};
		BBD483B41EB55E4500B0D254 /* Model */ = {
			isa = PBXGroup;
			children = (
				BBD483B51EB55E4500B0D254 /* QSAyah.swift */,
				BBD483B61EB55E4500B0D254 /* QSJuz.swift */,
				BBD483B71EB55E4500B0D254 /* QSQuarter.swift */,
				BBD483B81EB55E4500B0D254 /* QSQuran.swift */,
				BBD483B91EB55E4500B0D254 /* QSQuranPage.swift */,
				BBD483BA1EB55E4500B0D254 /* QSQuranPageReference.swift */,
				BBD483BB1EB55E4500B0D254 /* QSSura.swift */,
				BBD483BC1EB55E4500B0D254 /* QSVerseRange.swift */,
			);
			path = Model;
			sourceTree = "<group>";
		};
		BBD483BF1EB55E4500B0D254 /* Utilities */ = {
			isa = PBXGroup;
			children = (
				BBD483C01EB55E4500B0D254 /* QSQueue.swift */,
				BBD483C11EB55E4500B0D254 /* QSQuranError.swift */,
				BBD483C21EB55E4500B0D254 /* QSQuranUtilities.swift */,
				BBD483C31EB55E4500B0D254 /* QSResult.swift */,
			);
			path = Utilities;
			sourceTree = "<group>";
		};
		BBD483D41EB55E4B00B0D254 /* NetworkService */ = {
			isa = PBXGroup;
			children = (
				BBD483D51EB55E4B00B0D254 /* QSNetworkHelper.swift */,
				BBD483D61EB55E4B00B0D254 /* QSNetworkService.swift */,
			);
			path = NetworkService;
			sourceTree = "<group>";
		};
/* End PBXGroup section */

/* Begin PBXHeadersBuildPhase section */
		BBD483931EB55DCB00B0D254 /* Headers */ = {
			isa = PBXHeadersBuildPhase;
			buildActionMask = 2147483647;
			files = (
			);
			runOnlyForDeploymentPostprocessing = 0;
		};
/* End PBXHeadersBuildPhase section */

/* Begin PBXNativeTarget section */
		BBD483951EB55DCB00B0D254 /* QuranSpeechEngine */ = {
			isa = PBXNativeTarget;
			buildConfigurationList = BBD483AA1EB55DCB00B0D254 /* Build configuration list for PBXNativeTarget "QuranSpeechEngine" */;
			buildPhases = (
				BBD483911EB55DCB00B0D254 /* Sources */,
				BBD483921EB55DCB00B0D254 /* Frameworks */,
				BBD483931EB55DCB00B0D254 /* Headers */,
				BBD483941EB55DCB00B0D254 /* Resources */,
			);
			buildRules = (
			);
			dependencies = (
			);
			name = QuranSpeechEngine;
			productName = QuranSpeechEngine;
			productReference = BBD483961EB55DCB00B0D254 /* QuranSpeechEngine.framework */;
			productType = "com.apple.product-type.framework";
		};
		BBD4839E1EB55DCB00B0D254 /* QuranSpeechEngineTests */ = {
			isa = PBXNativeTarget;
			buildConfigurationList = BBD483AD1EB55DCB00B0D254 /* Build configuration list for PBXNativeTarget "QuranSpeechEngineTests" */;
			buildPhases = (
				BBD4839B1EB55DCB00B0D254 /* Sources */,
				BBD4839C1EB55DCB00B0D254 /* Frameworks */,
				BBD4839D1EB55DCB00B0D254 /* Resources */,
			);
			buildRules = (
			);
			dependencies = (
				BBD483A21EB55DCB00B0D254 /* PBXTargetDependency */,
			);
			name = QuranSpeechEngineTests;
			productName = QuranSpeechEngineTests;
			productReference = BBD4839F1EB55DCB00B0D254 /* QuranSpeechEngineTests.xctest */;
			productType = "com.apple.product-type.bundle.unit-test";
		};
/* End PBXNativeTarget section */

/* Begin PBXProject section */
		BBD4838D1EB55DCB00B0D254 /* Project object */ = {
			isa = PBXProject;
			attributes = {
				LastSwiftUpdateCheck = 0830;
				LastUpgradeCheck = 0830;
				ORGANIZATIONNAME = "Quran Speech Team";
				TargetAttributes = {
					BBD483951EB55DCB00B0D254 = {
						CreatedOnToolsVersion = 8.3.2;
						DevelopmentTeam = A3JC2SBNCR;
						ProvisioningStyle = Automatic;
					};
					BBD4839E1EB55DCB00B0D254 = {
						CreatedOnToolsVersion = 8.3.2;
						DevelopmentTeam = A3JC2SBNCR;
						ProvisioningStyle = Automatic;
					};
				};
			};
			buildConfigurationList = BBD483901EB55DCB00B0D254 /* Build configuration list for PBXProject "QuranSpeechEngine" */;
			compatibilityVersion = "Xcode 3.2";
			developmentRegion = English;
			hasScannedForEncodings = 0;
			knownRegions = (
				en,
			);
			mainGroup = BBD4838C1EB55DCB00B0D254;
			productRefGroup = BBD483971EB55DCB00B0D254 /* Products */;
			projectDirPath = "";
			projectRoot = "";
			targets = (
				BBD483951EB55DCB00B0D254 /* QuranSpeechEngine */,
				BBD4839E1EB55DCB00B0D254 /* QuranSpeechEngineTests */,
			);
		};
/* End PBXProject section */

/* Begin PBXResourcesBuildPhase section */
		BBD483941EB55DCB00B0D254 /* Resources */ = {
			isa = PBXResourcesBuildPhase;
			buildActionMask = 2147483647;
			files = (
				BBD483E71EB5606C00B0D254 /* QuranBundle.bundle in Resources */,
			);
			runOnlyForDeploymentPostprocessing = 0;
		};
		BBD4839D1EB55DCB00B0D254 /* Resources */ = {
			isa = PBXResourcesBuildPhase;
			buildActionMask = 2147483647;
			files = (
			);
			runOnlyForDeploymentPostprocessing = 0;
		};
/* End PBXResourcesBuildPhase section */

/* Begin PBXSourcesBuildPhase section */
		BBD483911EB55DCB00B0D254 /* Sources */ = {
			isa = PBXSourcesBuildPhase;
			buildActionMask = 2147483647;
			files = (
				BBD483D81EB55E4B00B0D254 /* QSNetworkService.swift in Sources */,
				BBD483C91EB55E4500B0D254 /* QSQuranPage.swift in Sources */,
				BBD483CE1EB55E4500B0D254 /* QSQuranManagerDelegate.swift in Sources */,
				BBD483D21EB55E4500B0D254 /* QSResult.swift in Sources */,
				BBD483C51EB55E4500B0D254 /* QSAyah.swift in Sources */,
				BBD483C61EB55E4500B0D254 /* QSJuz.swift in Sources */,
				BBD483C71EB55E4500B0D254 /* QSQuarter.swift in Sources */,
				BBD483D01EB55E4500B0D254 /* QSQuranError.swift in Sources */,
				BBD483B21EB55E3400B0D254 /* QSSpeechManager.swift in Sources */,
				BBD483C81EB55E4500B0D254 /* QSQuran.swift in Sources */,
				BBD483D11EB55E4500B0D254 /* QSQuranUtilities.swift in Sources */,
				BBD483CB1EB55E4500B0D254 /* QSSura.swift in Sources */,
				BBD483CA1EB55E4500B0D254 /* QSQuranPageReference.swift in Sources */,
				BBD483CF1EB55E4500B0D254 /* QSQueue.swift in Sources */,
				BBD483CC1EB55E4500B0D254 /* QSVerseRange.swift in Sources */,
				BBD483D71EB55E4B00B0D254 /* QSNetworkHelper.swift in Sources */,
				BBD483CD1EB55E4500B0D254 /* QSQuranEngine.swift in Sources */,
			);
			runOnlyForDeploymentPostprocessing = 0;
		};
		BBD4839B1EB55DCB00B0D254 /* Sources */ = {
			isa = PBXSourcesBuildPhase;
			buildActionMask = 2147483647;
			files = (
				BBD483A51EB55DCB00B0D254 /* QuranSpeechEngineTests.swift in Sources */,
			);
			runOnlyForDeploymentPostprocessing = 0;
		};
/* End PBXSourcesBuildPhase section */

/* Begin PBXTargetDependency section */
		BBD483A21EB55DCB00B0D254 /* PBXTargetDependency */ = {
			isa = PBXTargetDependency;
			target = BBD483951EB55DCB00B0D254 /* QuranSpeechEngine */;
			targetProxy = BBD483A11EB55DCB00B0D254 /* PBXContainerItemProxy */;
		};
/* End PBXTargetDependency section */

/* Begin XCBuildConfiguration section */
		BBD483A81EB55DCB00B0D254 /* Debug */ = {
			isa = XCBuildConfiguration;
			buildSettings = {
				ALWAYS_SEARCH_USER_PATHS = NO;
				CLANG_ANALYZER_NONNULL = YES;
				CLANG_ANALYZER_NUMBER_OBJECT_CONVERSION = YES_AGGRESSIVE;
				CLANG_CXX_LANGUAGE_STANDARD = "gnu++0x";
				CLANG_CXX_LIBRARY = "libc++";
				CLANG_ENABLE_MODULES = YES;
				CLANG_ENABLE_OBJC_ARC = YES;
				CLANG_WARN_BOOL_CONVERSION = YES;
				CLANG_WARN_CONSTANT_CONVERSION = YES;
				CLANG_WARN_DIRECT_OBJC_ISA_USAGE = YES_ERROR;
				CLANG_WARN_DOCUMENTATION_COMMENTS = YES;
				CLANG_WARN_EMPTY_BODY = YES;
				CLANG_WARN_ENUM_CONVERSION = YES;
				CLANG_WARN_INFINITE_RECURSION = YES;
				CLANG_WARN_INT_CONVERSION = YES;
				CLANG_WARN_OBJC_ROOT_CLASS = YES_ERROR;
				CLANG_WARN_SUSPICIOUS_MOVE = YES;
				CLANG_WARN_UNREACHABLE_CODE = YES;
				CLANG_WARN__DUPLICATE_METHOD_MATCH = YES;
				"CODE_SIGN_IDENTITY[sdk=iphoneos*]" = "iPhone Developer";
				COPY_PHASE_STRIP = NO;
				CURRENT_PROJECT_VERSION = 1;
				DEBUG_INFORMATION_FORMAT = dwarf;
				ENABLE_STRICT_OBJC_MSGSEND = YES;
				ENABLE_TESTABILITY = YES;
				GCC_C_LANGUAGE_STANDARD = gnu99;
				GCC_DYNAMIC_NO_PIC = NO;
				GCC_NO_COMMON_BLOCKS = YES;
				GCC_OPTIMIZATION_LEVEL = 0;
				GCC_PREPROCESSOR_DEFINITIONS = (
					"DEBUG=1",
					"$(inherited)",
				);
				GCC_WARN_64_TO_32_BIT_CONVERSION = YES;
				GCC_WARN_ABOUT_RETURN_TYPE = YES_ERROR;
				GCC_WARN_UNDECLARED_SELECTOR = YES;
				GCC_WARN_UNINITIALIZED_AUTOS = YES_AGGRESSIVE;
				GCC_WARN_UNUSED_FUNCTION = YES;
				GCC_WARN_UNUSED_VARIABLE = YES;
				IPHONEOS_DEPLOYMENT_TARGET = 10.3;
				MTL_ENABLE_DEBUG_INFO = YES;
				ONLY_ACTIVE_ARCH = YES;
				SDKROOT = iphoneos;
				SWIFT_ACTIVE_COMPILATION_CONDITIONS = DEBUG;
				SWIFT_OPTIMIZATION_LEVEL = "-Onone";
				TARGETED_DEVICE_FAMILY = "1,2";
				VERSIONING_SYSTEM = "apple-generic";
				VERSION_INFO_PREFIX = "";
			};
			name = Debug;
		};
		BBD483A91EB55DCB00B0D254 /* Release */ = {
			isa = XCBuildConfiguration;
			buildSettings = {
				ALWAYS_SEARCH_USER_PATHS = NO;
				CLANG_ANALYZER_NONNULL = YES;
				CLANG_ANALYZER_NUMBER_OBJECT_CONVERSION = YES_AGGRESSIVE;
				CLANG_CXX_LANGUAGE_STANDARD = "gnu++0x";
				CLANG_CXX_LIBRARY = "libc++";
				CLANG_ENABLE_MODULES = YES;
				CLANG_ENABLE_OBJC_ARC = YES;
				CLANG_WARN_BOOL_CONVERSION = YES;
				CLANG_WARN_CONSTANT_CONVERSION = YES;
				CLANG_WARN_DIRECT_OBJC_ISA_USAGE = YES_ERROR;
				CLANG_WARN_DOCUMENTATION_COMMENTS = YES;
				CLANG_WARN_EMPTY_BODY = YES;
				CLANG_WARN_ENUM_CONVERSION = YES;
				CLANG_WARN_INFINITE_RECURSION = YES;
				CLANG_WARN_INT_CONVERSION = YES;
				CLANG_WARN_OBJC_ROOT_CLASS = YES_ERROR;
				CLANG_WARN_SUSPICIOUS_MOVE = YES;
				CLANG_WARN_UNREACHABLE_CODE = YES;
				CLANG_WARN__DUPLICATE_METHOD_MATCH = YES;
				"CODE_SIGN_IDENTITY[sdk=iphoneos*]" = "iPhone Developer";
				COPY_PHASE_STRIP = NO;
				CURRENT_PROJECT_VERSION = 1;
				DEBUG_INFORMATION_FORMAT = "dwarf-with-dsym";
				ENABLE_NS_ASSERTIONS = NO;
				ENABLE_STRICT_OBJC_MSGSEND = YES;
				GCC_C_LANGUAGE_STANDARD = gnu99;
				GCC_NO_COMMON_BLOCKS = YES;
				GCC_WARN_64_TO_32_BIT_CONVERSION = YES;
				GCC_WARN_ABOUT_RETURN_TYPE = YES_ERROR;
				GCC_WARN_UNDECLARED_SELECTOR = YES;
				GCC_WARN_UNINITIALIZED_AUTOS = YES_AGGRESSIVE;
				GCC_WARN_UNUSED_FUNCTION = YES;
				GCC_WARN_UNUSED_VARIABLE = YES;
				IPHONEOS_DEPLOYMENT_TARGET = 10.3;
				MTL_ENABLE_DEBUG_INFO = NO;
				SDKROOT = iphoneos;
				SWIFT_OPTIMIZATION_LEVEL = "-Owholemodule";
				TARGETED_DEVICE_FAMILY = "1,2";
				VALIDATE_PRODUCT = YES;
				VERSIONING_SYSTEM = "apple-generic";
				VERSION_INFO_PREFIX = "";
			};
			name = Release;
		};
		BBD483AB1EB55DCB00B0D254 /* Debug */ = {
			isa = XCBuildConfiguration;
			buildSettings = {
				CODE_SIGN_IDENTITY = "";
				DEFINES_MODULE = YES;
				DEVELOPMENT_TEAM = A3JC2SBNCR;
				DYLIB_COMPATIBILITY_VERSION = 1;
				DYLIB_CURRENT_VERSION = 1;
				DYLIB_INSTALL_NAME_BASE = "@rpath";
				INFOPLIST_FILE = QuranSpeechEngine/Info.plist;
				INSTALL_PATH = "$(LOCAL_LIBRARY_DIR)/Frameworks";
				LD_RUNPATH_SEARCH_PATHS = "$(inherited) @executable_path/Frameworks @loader_path/Frameworks";
				PRODUCT_BUNDLE_IDENTIFIER = com.HasanSa.QuranSpeechEngine;
				PRODUCT_NAME = "$(TARGET_NAME)";
				SKIP_INSTALL = YES;
				SWIFT_VERSION = 3.0;
			};
			name = Debug;
		};
		BBD483AC1EB55DCB00B0D254 /* Release */ = {
			isa = XCBuildConfiguration;
			buildSettings = {
				CODE_SIGN_IDENTITY = "";
				DEFINES_MODULE = YES;
				DEVELOPMENT_TEAM = A3JC2SBNCR;
				DYLIB_COMPATIBILITY_VERSION = 1;
				DYLIB_CURRENT_VERSION = 1;
				DYLIB_INSTALL_NAME_BASE = "@rpath";
				INFOPLIST_FILE = QuranSpeechEngine/Info.plist;
				INSTALL_PATH = "$(LOCAL_LIBRARY_DIR)/Frameworks";
				LD_RUNPATH_SEARCH_PATHS = "$(inherited) @executable_path/Frameworks @loader_path/Frameworks";
				PRODUCT_BUNDLE_IDENTIFIER = com.HasanSa.QuranSpeechEngine;
				PRODUCT_NAME = "$(TARGET_NAME)";
				SKIP_INSTALL = YES;
				SWIFT_VERSION = 3.0;
			};
			name = Release;
		};
		BBD483AE1EB55DCB00B0D254 /* Debug */ = {
			isa = XCBuildConfiguration;
			buildSettings = {
				ALWAYS_EMBED_SWIFT_STANDARD_LIBRARIES = YES;
				DEVELOPMENT_TEAM = A3JC2SBNCR;
				INFOPLIST_FILE = QuranSpeechEngineTests/Info.plist;
				LD_RUNPATH_SEARCH_PATHS = "$(inherited) @executable_path/Frameworks @loader_path/Frameworks";
				PRODUCT_BUNDLE_IDENTIFIER = com.HasanSa.QuranSpeechEngineTests;
				PRODUCT_NAME = "$(TARGET_NAME)";
				SWIFT_VERSION = 3.0;
			};
			name = Debug;
		};
		BBD483AF1EB55DCB00B0D254 /* Release */ = {
			isa = XCBuildConfiguration;
			buildSettings = {
				ALWAYS_EMBED_SWIFT_STANDARD_LIBRARIES = YES;
				DEVELOPMENT_TEAM = A3JC2SBNCR;
				INFOPLIST_FILE = QuranSpeechEngineTests/Info.plist;
				LD_RUNPATH_SEARCH_PATHS = "$(inherited) @executable_path/Frameworks @loader_path/Frameworks";
				PRODUCT_BUNDLE_IDENTIFIER = com.HasanSa.QuranSpeechEngineTests;
				PRODUCT_NAME = "$(TARGET_NAME)";
				SWIFT_VERSION = 3.0;
			};
			name = Release;
		};
/* End XCBuildConfiguration section */

/* Begin XCConfigurationList section */
		BBD483901EB55DCB00B0D254 /* Build configuration list for PBXProject "QuranSpeechEngine" */ = {
			isa = XCConfigurationList;
			buildConfigurations = (
				BBD483A81EB55DCB00B0D254 /* Debug */,
				BBD483A91EB55DCB00B0D254 /* Release */,
			);
			defaultConfigurationIsVisible = 0;
			defaultConfigurationName = Release;
		};
		BBD483AA1EB55DCB00B0D254 /* Build configuration list for PBXNativeTarget "QuranSpeechEngine" */ = {
			isa = XCConfigurationList;
			buildConfigurations = (
				BBD483AB1EB55DCB00B0D254 /* Debug */,
				BBD483AC1EB55DCB00B0D254 /* Release */,
			);
			defaultConfigurationIsVisible = 0;
			defaultConfigurationName = Release;
		};
		BBD483AD1EB55DCB00B0D254 /* Build configuration list for PBXNativeTarget "QuranSpeechEngineTests" */ = {
			isa = XCConfigurationList;
			buildConfigurations = (
				BBD483AE1EB55DCB00B0D254 /* Debug */,
				BBD483AF1EB55DCB00B0D254 /* Release */,
			);
			defaultConfigurationIsVisible = 0;
			defaultConfigurationName = Release;
		};
/* End XCConfigurationList section */
	};
	rootObject = BBD4838D1EB55DCB00B0D254 /* Project object */;
}
